Microsoft Visual Studio Solution File, Format Version 12.00
# Visual Studio 2012
Project("{FAE04EC0-301F-11D3-BF4B-00C04F79EFBC}") = "PluizigePioniers", "PluizigePioniers.csproj", "{055F39E6-DE5D-49C5-93B0-4248943ADFC7}"
EndProject
Global
	GlobalSection(SolutionConfigurationPlatforms) = preSolution
	Debug|Any CPU = Debug|Any CPU
	ExportDebug|Any CPU = ExportDebug|Any CPU
	ExportRelease|Any CPU = ExportRelease|Any CPU
	EndGlobalSection
	GlobalSection(ProjectConfigurationPlatforms) = postSolution
		{055F39E6-DE5D-49C5-93B0-4248943ADFC7}.Debug|Any CPU.ActiveCfg = Debug|Any CPU
		{055F39E6-DE5D-49C5-93B0-4248943ADFC7}.Debug|Any CPU.Build.0 = Debug|Any CPU
		{055F39E6-DE5D-49C5-93B0-4248943ADFC7}.ExportDebug|Any CPU.ActiveCfg = ExportDebug|Any CPU
		{055F39E6-DE5D-49C5-93B0-4248943ADFC7}.ExportDebug|Any CPU.Build.0 = ExportDebug|Any CPU
		{055F39E6-DE5D-49C5-93B0-4248943ADFC7}.ExportRelease|Any CPU.ActiveCfg = ExportRelease|Any CPU
		{055F39E6-DE5D-49C5-93B0-4248943ADFC7}.ExportRelease|Any CPU.Build.0 = ExportRelease|Any CPU
	EndGlobalSection
EndGlobal
